
Microsoft Visual Studio Solution File, Format Version 12.00
# Visual Studio Version 17
VisualStudioVersion = 17.4.33205.214
MinimumVisualStudioVersion = 10.0.40219.1
Project("{FAE04EC0-301F-11D3-BF4B-00C04F79EFBC}") = "SimpleChartWPF", "SimpleChartWPF\SimpleChartWPF.csproj", "{ECB36359-7C26-4424-BB60-A1F1C3545943}"
EndProject
Global
	GlobalSection(SolutionConfigurationPlatforms) = preSolution
		Debug|Any CPU = Debug|Any CPU
		Release|Any CPU = Release|Any CPU
	EndGlobalSection
	GlobalSection(ProjectConfigurationPlatforms) = postSolution
		{ECB36359-7C26-4424-BB60-A1F1C3545943}.Debug|Any CPU.ActiveCfg = Debug|Any CPU
		{ECB36359-7C26-4424-BB60-A1F1C3545943}.Debug|Any CPU.Build.0 = Debug|Any CPU
		{ECB36359-7C26-4424-BB60-A1F1C3545943}.Release|Any CPU.ActiveCfg = Release|Any CPU
		{ECB36359-7C26-4424-BB60-A1F1C3545943}.Release|Any CPU.Build.0 = Release|Any CPU
	EndGlobalSection
	GlobalSection(SolutionProperties) = preSolution
		HideSolutionNode = FALSE
	EndGlobalSection
	GlobalSection(ExtensibilityGlobals) = postSolution
		SolutionGuid = {1D69B979-116A-4FCF-A137-4C1D6EC6BA3A}
	EndGlobalSection
EndGlobal
